// !$*UTF8*$!
{
	archiveVersion = 1;
	classes = {
	};
	objectVersion = 46;
	objects = {

/* Begin PBXBuildFile section */
		8D2319FD1F8DAFF700A8558E /* main.m in Sources */ = {isa = PBXBuildFile; fileRef = 8D2319FC1F8DAFF700A8558E /* main.m */; };
		8D231A001F8DAFF700A8558E /* AppDelegate.m in Sources */ = {isa = PBXBuildFile; fileRef = 8D2319FF1F8DAFF700A8558E /* AppDelegate.m */; };
		8D231A031F8DAFF700A8558E /* ViewController.m in Sources */ = {isa = PBXBuildFile; fileRef = 8D231A021F8DAFF700A8558E /* ViewController.m */; };
		8D231A061F8DAFF700A8558E /* Main.storyboard in Resources */ = {isa = PBXBuildFile; fileRef = 8D231A041F8DAFF700A8558E /* Main.storyboard */; };
		8D231A081F8DAFF700A8558E /* Assets.xcassets in Resources */ = {isa = PBXBuildFile; fileRef = 8D231A071F8DAFF700A8558E /* Assets.xcassets */; };
		8D231A0B1F8DAFF700A8558E /* LaunchScreen.storyboard in Resources */ = {isa = PBXBuildFile; fileRef = 8D231A091F8DAFF700A8558E /* LaunchScreen.storyboard */; };
/* End PBXBuildFile section */

/* Begin PBXFileReference section */
		8D2319F81F8DAFF700A8558E /* podText.app */ = {isa = PBXFileReference; explicitFileType = wrapper.application; includeInIndex = 0; path = podText.app; sourceTree = BUILT_PRODUCTS_DIR; };
		8D2319FC1F8DAFF700A8558E /* main.m */ = {isa = PBXFileReference; lastKnownFileType = sourcecode.c.objc; path = main.m; sourceTree = "<group>"; };
		8D2319FE1F8DAFF700A8558E /* AppDelegate.h */ = {isa = PBXFileReference; lastKnownFileType = sourcecode.c.h; path = AppDelegate.h; sourceTree = "<group>"; };
		8D2319FF1F8DAFF700A8558E /* AppDelegate.m */ = {isa = PBXFileReference; lastKnownFileType = sourcecode.c.objc; path = AppDelegate.m; sourceTree = "<group>"; };
		8D231A011F8DAFF700A8558E /* ViewController.h */ = {isa = PBXFileReference; lastKnownFileType = sourcecode.c.h; path = ViewController.h; sourceTree = "<group>"; };
		8D231A021F8DAFF700A8558E /* ViewController.m */ = {isa = PBXFileReference; lastKnownFileType = sourcecode.c.objc; path = ViewController.m; sourceTree = "<group>"; };
		8D231A051F8DAFF700A8558E /* Base */ = {isa = PBXFileReference; lastKnownFileType = file.storyboard; name = Base; path = Base.lproj/Main.storyboard; sourceTree = "<group>"; };
		8D231A071F8DAFF700A8558E /* Assets.xcassets */ = {isa = PBXFileReference; lastKnownFileType = folder.assetcatalog; path = Assets.xcassets; sourceTree = "<group>"; };
		8D231A0A1F8DAFF700A8558E /* Base */ = {isa = PBXFileReference; lastKnownFileType = file.storyboard; name = Base; path = Base.lproj/LaunchScreen.storyboard; sourceTree = "<group>"; };
		8D231A0C1F8DAFF800A8558E /* Info.plist */ = {isa = PBXFileReference; lastKnownFileType = text.plist.xml; path = Info.plist; sourceTree = "<group>"; };
/* End PBXFileReference section */

/* Begin PBXFrameworksBuildPhase section */
		8D2319F51F8DAFF700A8558E /* Frameworks */ = {
			isa = PBXFrameworksBuildPhase;
			buildActionMask = 2147483647;
			files = (
			);
			runOnlyForDeploymentPostprocessing = 0;
		};
/* End PBXFrameworksBuildPhase section */

/* Begin PBXGroup section */
		8D2319EF1F8DAFF700A8558E = {
			isa = PBXGroup;
			children = (
				8D2319FA1F8DAFF700A8558E /* podText */,
				8D2319F91F8DAFF700A8558E /* Products */,
			);
			sourceTree = "<group>";
		};
		8D2319F91F8DAFF700A8558E /* Products */ = {
			isa = PBXGroup;
			children = (
				8D2319F81F8DAFF700A8558E /* podText.app */,
			);
			name = Products;
			sourceTree = "<group>";
		};
		8D2319FA1F8DAFF700A8558E /* podText */ = {
			isa = PBXGroup;
			children = (
				8D2319FE1F8DAFF700A8558E /* AppDelegate.h */,
				8D2319FF1F8DAFF700A8558E /* AppDelegate.m */,
				8D231A011F8DAFF700A8558E /* ViewController.h */,
				8D231A021F8DAFF700A8558E /* ViewController.m */,
				8D231A041F8DAFF700A8558E /* Main.storyboard */,
				8D231A071F8DAFF700A8558E /* Assets.xcassets */,
				8D231A091F8DAFF700A8558E /* LaunchScreen.storyboard */,
				8D231A0C1F8DAFF800A8558E /* Info.plist */,
				8D2319FB1F8DAFF700A8558E /* Supporting Files */,
			);
			path = podText;
			sourceTree = "<group>";
		};
		8D2319FB1F8DAFF700A8558E /* Supporting Files */ = {
			isa = PBXGroup;
			children = (
				8D2319FC1F8DAFF700A8558E /* main.m */,
			);
			name = "Supporting Files";
			sourceTree = "<group>";
		};
/* End PBXGroup section */

/* Begin PBXNativeTarget section */
		8D2319F71F8DAFF700A8558E /* podText */ = {
			isa = PBXNativeTarget;
			buildConfigurationList = 8D231A0F1F8DAFF800A8558E /* Build configuration list for PBXNativeTarget "podText" */;
			buildPhases = (
				8D2319F41F8DAFF700A8558E /* Sources */,
				8D2319F51F8DAFF700A8558E /* Frameworks */,
				8D2319F61F8DAFF700A8558E /* Resources */,
			);
			buildRules = (
			);
			dependencies = (
			);
			name = podText;
			productName = podText;
			productReference = 8D2319F81F8DAFF700A8558E /* podText.app */;
			productType = "com.apple.product-type.application";
		};
/* End PBXNativeTarget section */

/* Begin PBXProject section */
		8D2319F01F8DAFF700A8558E /* Project object */ = {
			isa = PBXProject;
			attributes = {
				LastUpgradeCheck = 0830;
				ORGANIZATIONNAME = WU;
				TargetAttributes = {
					8D2319F71F8DAFF700A8558E = {
						CreatedOnToolsVersion = 8.3.2;
						DevelopmentTeam = CAARUXYBT4;
						ProvisioningStyle = Automatic;
					};
				};
			};
			buildConfigurationList = 8D2319F31F8DAFF700A8558E /* Build configuration list for PBXProject "podText" */;
			compatibilityVersion = "Xcode 3.2";
			developmentRegion = English;
			hasScannedForEncodings = 0;
			knownRegions = (
				en,
				Base,
			);
			mainGroup = 8D2319EF1F8DAFF700A8558E;
			productRefGroup = 8D2319F91F8DAFF700A8558E /* Products */;
			projectDirPath = "";
			projectRoot = "";
			targets = (
				8D2319F71F8DAFF700A8558E /* podText */,
			);
		};
/* End PBXProject section */

/* Begin PBXResourcesBuildPhase section */
		8D2319F61F8DAFF700A8558E /* Resources */ = {
			isa = PBXResourcesBuildPhase;
			buildActionMask = 2147483647;
			files = (
				8D231A0B1F8DAFF700A8558E /* LaunchScreen.storyboard in Resources */,
				8D231A081F8DAFF700A8558E /* Assets.xcassets in Resources */,
				8D231A061F8DAFF700A8558E /* Main.storyboard in Resources */,
			);
			runOnlyForDeploymentPostprocessing = 0;
		};
/* End PBXResourcesBuildPhase section */

/* Begin PBXSourcesBuildPhase section */
		8D2319F41F8DAFF700A8558E /* Sources */ = {
			isa = PBXSourcesBuildPhase;
			buildActionMask = 2147483647;
			files = (
				8D231A031F8DAFF700A8558E /* ViewController.m in Sources */,
				8D231A001F8DAFF700A8558E /* AppDelegate.m in Sources */,
				8D2319FD1F8DAFF700A8558E /* main.m in Sources */,
			);
			runOnlyForDeploymentPostprocessing = 0;
		};
/* End PBXSourcesBuildPhase section */

/* Begin PBXVariantGroup section */
		8D231A041F8DAFF700A8558E /* Main.storyboard */ = {
			isa = PBXVariantGroup;
			children = (
				8D231A051F8DAFF700A8558E /* Base */,
			);
			name = Main.storyboard;
			sourceTree = "<group>";
		};
		8D231A091F8DAFF700A8558E /* LaunchScreen.storyboard */ = {
			isa = PBXVariantGroup;
			children = (
				8D231A0A1F8DAFF700A8558E /* Base */,
			);
			name = LaunchScreen.storyboard;
			sourceTree = "<group>";
		};
/* End PBXVariantGroup section */

/* Begin XCBuildConfiguration section */
		8D231A0D1F8DAFF800A8558E /* Debug */ = {
			isa = XCBuildConfiguration;
			buildSettings = {
				ALWAYS_SEARCH_USER_PATHS = NO;
				CLANG_ANALYZER_NONNULL = YES;
				CLANG_ANALYZER_NUMBER_OBJECT_CONVERSION = YES_AGGRESSIVE;
				CLANG_CXX_LANGUAGE_STANDARD = "gnu++0x";
				CLANG_CXX_LIBRARY = "libc++";
				CLANG_ENABLE_MODULES = YES;
				CLANG_ENABLE_OBJC_ARC = YES;
				CLANG_WARN_BOOL_CONVERSION = YES;
				CLANG_WARN_CONSTANT_CONVERSION = YES;
				CLANG_WARN_DIRECT_OBJC_ISA_USAGE = YES_ERROR;
				CLANG_WARN_DOCUMENTATION_COMMENTS = YES;
				CLANG_WARN_EMPTY_BODY = YES;
				CLANG_WARN_ENUM_CONVERSION = YES;
				CLANG_WARN_INFINITE_RECURSION = YES;
				CLANG_WARN_INT_CONVERSION = YES;
				CLANG_WARN_OBJC_ROOT_CLASS = YES_ERROR;
				CLANG_WARN_SUSPICIOUS_MOVE = YES;
				CLANG_WARN_UNREACHABLE_CODE = YES;
				CLANG_WARN__DUPLICATE_METHOD_MATCH = YES;
				"CODE_SIGN_IDENTITY[sdk=iphoneos*]" = "iPhone Developer";
				COPY_PHASE_STRIP = NO;
				DEBUG_INFORMATION_FORMAT = dwarf;
				ENABLE_STRICT_OBJC_MSGSEND = YES;
				ENABLE_TESTABILITY = YES;
				GCC_C_LANGUAGE_STANDARD = gnu99;
				GCC_DYNAMIC_NO_PIC = NO;
				GCC_NO_COMMON_BLOCKS = YES;
				GCC_OPTIMIZATION_LEVEL = 0;
				GCC_PREPROCESSOR_DEFINITIONS = (
					"DEBUG=1",
					"$(inherited)",
				);
				GCC_WARN_64_TO_32_BIT_CONVERSION = YES;
				GCC_WARN_ABOUT_RETURN_TYPE = YES_ERROR;
				GCC_WARN_UNDECLARED_SELECTOR = YES;
				GCC_WARN_UNINITIALIZED_AUTOS = YES_AGGRESSIVE;
				GCC_WARN_UNUSED_FUNCTION = YES;
				GCC_WARN_UNUSED_VARIABLE = YES;
				IPHONEOS_DEPLOYMENT_TARGET = 10.3;
				MTL_ENABLE_DEBUG_INFO = YES;
				ONLY_ACTIVE_ARCH = YES;
				SDKROOT = iphoneos;
				TARGETED_DEVICE_FAMILY = "1,2";
			};
			name = Debug;
		};
		8D231A0E1F8DAFF800A8558E /* Release */ = {
			isa = XCBuildConfiguration;
			buildSettings = {
				ALWAYS_SEARCH_USER_PATHS = NO;
				CLANG_ANALYZER_NONNULL = YES;
				CLANG_ANALYZER_NUMBER_OBJECT_CONVERSION = YES_AGGRESSIVE;
				CLANG_CXX_LANGUAGE_STANDARD = "gnu++0x";
				CLANG_CXX_LIBRARY = "libc++";
				CLANG_ENABLE_MODULES = YES;
				CLANG_ENABLE_OBJC_ARC = YES;
				CLANG_WARN_BOOL_CONVERSION = YES;
				CLANG_WARN_CONSTANT_CONVERSION = YES;
				CLANG_WARN_DIRECT_OBJC_ISA_USAGE = YES_ERROR;
				CLANG_WARN_DOCUMENTATION_COMMENTS = YES;
				CLANG_WARN_EMPTY_BODY = YES;
				CLANG_WARN_ENUM_CONVERSION = YES;
				CLANG_WARN_INFINITE_RECURSION = YES;
				CLANG_WARN_INT_CONVERSION = YES;
				CLANG_WARN_OBJC_ROOT_CLASS = YES_ERROR;
				CLANG_WARN_SUSPICIOUS_MOVE = YES;
				CLANG_WARN_UNREACHABLE_CODE = YES;
				CLANG_WARN__DUPLICATE_METHOD_MATCH = YES;
				"CODE_SIGN_IDENTITY[sdk=iphoneos*]" = "iPhone Developer";
				COPY_PHASE_STRIP = NO;
				DEBUG_INFORMATION_FORMAT = "dwarf-with-dsym";
				ENABLE_NS_ASSERTIONS = NO;
				ENABLE_STRICT_OBJC_MSGSEND = YES;
				GCC_C_LANGUAGE_STANDARD = gnu99;
				GCC_NO_COMMON_BLOCKS = YES;
				GCC_WARN_64_TO_32_BIT_CONVERSION = YES;
				GCC_WARN_ABOUT_RETURN_TYPE = YES_ERROR;
				GCC_WARN_UNDECLARED_SELECTOR = YES;
				GCC_WARN_UNINITIALIZED_AUTOS = YES_AGGRESSIVE;
				GCC_WARN_UNUSED_FUNCTION = YES;
				GCC_WARN_UNUSED_VARIABLE = YES;
				IPHONEOS_DEPLOYMENT_TARGET = 10.3;
				MTL_ENABLE_DEBUG_INFO = NO;
				SDKROOT = iphoneos;
				TARGETED_DEVICE_FAMILY = "1,2";
				VALIDATE_PRODUCT = YES;
			};
			name = Release;
		};
		8D231A101F8DAFF800A8558E /* Debug */ = {
			isa = XCBuildConfiguration;
			buildSettings = {
				ASSETCATALOG_COMPILER_APPICON_NAME = AppIcon;
				DEVELOPMENT_TEAM = CAARUXYBT4;
				INFOPLIST_FILE = podText/Info.plist;
				LD_RUNPATH_SEARCH_PATHS = "$(inherited) @executable_path/Frameworks";
				PRODUCT_BUNDLE_IDENTIFIER = WM.podText;
				PRODUCT_NAME = "$(TARGET_NAME)";
			};
			name = Debug;
		};
		8D231A111F8DAFF800A8558E /* Release */ = {
			isa = XCBuildConfiguration;
			buildSettings = {
				ASSETCATALOG_COMPILER_APPICON_NAME = AppIcon;
				DEVELOPMENT_TEAM = CAARUXYBT4;
				INFOPLIST_FILE = podText/Info.plist;
				LD_RUNPATH_SEARCH_PATHS = "$(inherited) @executable_path/Frameworks";
				PRODUCT_BUNDLE_IDENTIFIER = WM.podText;
				PRODUCT_NAME = "$(TARGET_NAME)";
			};
			name = Release;
		};
/* End XCBuildConfiguration section */

/* Begin XCConfigurationList section */
		8D2319F31F8DAFF700A8558E /* Build configuration list for PBXProject "podText" */ = {
			isa = XCConfigurationList;
			buildConfigurations = (
				8D231A0D1F8DAFF800A8558E /* Debug */,
				8D231A0E1F8DAFF800A8558E /* Release */,
			);
			defaultConfigurationIsVisible = 0;
			defaultConfigurationName = Release;
		};
		8D231A0F1F8DAFF800A8558E /* Build configuration list for PBXNativeTarget "podText" */ = {
			isa = XCConfigurationList;
			buildConfigurations = (
				8D231A101F8DAFF800A8558E /* Debug */,
				8D231A111F8DAFF800A8558E /* Release */,
			);
			defaultConfigurationIsVisible = 0;
		};
/* End XCConfigurationList section */
	};
	rootObject = 8D2319F01F8DAFF700A8558E /* Project object */;
}
